<?xml version="1.0" encoding="utf-8"?>
<Project ToolsVersion="4.0" xmlns="http://schemas.microsoft.com/developer/msbuild/2003">
  <ItemGroup>
    <ClCompile Include="pch.cpp" />
    <ClCompile Include="02_단위_테스트란.cpp">
      <Filter>02.단위 테스트란</Filter>
    </ClCompile>
    <ClCompile Include="$(MSBuildThisFileDirectory)..\..\lib\native\src\gtest\gtest-all.cc" />
    <ClCompile Include="$(MSBuildThisFileDirectory)..\..\lib\native\src\gmock\gmock-all.cc" />
    <ClCompile Include="03_단위_테스트구조.cpp">
      <Filter>03.단위 테스트구조</Filter>
    </ClCompile>
    <ClCompile Include="04_좋은_단위_테스트.cpp">
      <Filter>04.좋은 단위 테스트의 4대 요소</Filter>
    </ClCompile>
    <ClCompile Include="05_목과_테스트_취약성.cpp">
      <Filter>05.목과 테스트 취약성</Filter>
    </ClCompile>
    <ClCompile Include="MockEmailGateway.cpp">
      <Filter>Mock</Filter>
    </ClCompile>
    <ClCompile Include="MockStore.cpp">
      <Filter>Mock</Filter>
    </ClCompile>
    <ClCompile Include="MockDatabase.cpp">
      <Filter>Mock</Filter>
    </ClCompile>
    <ClCompile Include="06_단위_테스트_스타일.cpp">
      <Filter>06.단위 테스트 스타일</Filter>
    </ClCompile>
    <ClCompile Include="MockFileSystem.cpp">
      <Filter>Mock</Filter>
    </ClCompile>
    <ClCompile Include="07_단위_테스트_리팩토링.cpp">
      <Filter>07.단위 테스트 리팩토링</Filter>
    </ClCompile>
    <ClCompile Include="08_통합_테스트를_하는_이유.cpp">
      <Filter>08.통합 테스트를 하는 이유</Filter>
    </ClCompile>
    <ClCompile Include="MockMessageBus.cpp">
      <Filter>Mock</Filter>
    </ClCompile>
    <ClCompile Include="MockLogger.cpp">
      <Filter>Mock</Filter>
    </ClCompile>
  </ItemGroup>
  <ItemGroup>
    <ClInclude Include="pch.h" />
    <ClInclude Include="MockEmailGateway.h">
      <Filter>Mock</Filter>
    </ClInclude>
    <ClInclude Include="MockStore.h">
      <Filter>Mock</Filter>
    </ClInclude>
    <ClInclude Include="MockDatabase.h">
      <Filter>Mock</Filter>
    </ClInclude>
    <ClInclude Include="MockFileSystem.h">
      <Filter>Mock</Filter>
    </ClInclude>
    <ClInclude Include="MockMessageBus.h">
      <Filter>Mock</Filter>
    </ClInclude>
    <ClInclude Include="MockLogger.h">
      <Filter>Mock</Filter>
    </ClInclude>
  </ItemGroup>
  <ItemGroup>
    <Filter Include="02.단위 테스트란">
      <UniqueIdentifier>{2bc9ceee-5fe0-454d-be0b-73952a6ee89b}</UniqueIdentifier>
    </Filter>
    <Filter Include="03.단위 테스트구조">
      <UniqueIdentifier>{a4e1dd85-bb9c-45c9-a15d-0045b7a4e291}</UniqueIdentifier>
    </Filter>
    <Filter Include="04.좋은 단위 테스트의 4대 요소">
      <UniqueIdentifier>{f6ee411e-f4da-4691-8160-b6943020a653}</UniqueIdentifier>
    </Filter>
    <Filter Include="05.목과 테스트 취약성">
      <UniqueIdentifier>{f131828d-f55a-4138-a74c-aa65aedca772}</UniqueIdentifier>
    </Filter>
    <Filter Include="Mock">
      <UniqueIdentifier>{af193285-007d-4485-87ec-41df3936c77b}</UniqueIdentifier>
    </Filter>
    <Filter Include="06.단위 테스트 스타일">
      <UniqueIdentifier>{7fdd02d9-440d-4bab-8a93-fe81f8777b74}</UniqueIdentifier>
    </Filter>
    <Filter Include="07.단위 테스트 리팩토링">
      <UniqueIdentifier>{1491c93e-0e3b-44fe-9f65-16ca44e1ac17}</UniqueIdentifier>
    </Filter>
    <Filter Include="08.통합 테스트를 하는 이유">
      <UniqueIdentifier>{f1920379-56ed-47ef-8dbb-40e899aaa134}</UniqueIdentifier>
    </Filter>
  </ItemGroup>
  <ItemGroup>
    <None Include="packages.config" />
  </ItemGroup>
</Project>