<?xml version="1.0" encoding="utf-8"?>
<Project ToolsVersion="4.0" xmlns="http://schemas.microsoft.com/developer/msbuild/2003">
  <ItemGroup>
    <Filter Include="main">
      <UniqueIdentifier>{c6dde3ed-30d7-423b-b440-8f731e69181b}</UniqueIdentifier>
    </Filter>
    <Filter Include="02.단위 테스트란">
      <UniqueIdentifier>{1267544a-3db0-4928-91e1-0a63f8a40f9b}</UniqueIdentifier>
    </Filter>
    <Filter Include="04.목과 테스트 취약성">
      <UniqueIdentifier>{7938e05a-2f6a-4063-8fce-f260231088ec}</UniqueIdentifier>
    </Filter>
    <Filter Include="06.단위 테스트 스타일">
      <UniqueIdentifier>{466f3455-df8b-4c23-a0b6-14f81ec6a75d}</UniqueIdentifier>
    </Filter>
    <Filter Include="07.단위 테스트 리팩토링">
      <UniqueIdentifier>{6143f076-f0c7-499f-b72a-27d0817c4c38}</UniqueIdentifier>
    </Filter>
  </ItemGroup>
  <ItemGroup>
    <ClInclude Include="pch.h">
      <Filter>main</Filter>
    </ClInclude>
    <ClInclude Include="02_단위_테스트란\Customer.h">
      <Filter>02.단위 테스트란</Filter>
    </ClInclude>
    <ClInclude Include="02_단위_테스트란\Product.h">
      <Filter>02.단위 테스트란</Filter>
    </ClInclude>
    <ClInclude Include="02_단위_테스트란\Store.h">
      <Filter>02.단위 테스트란</Filter>
    </ClInclude>
    <ClInclude Include="04_목과_테스트_취약성\Database.h">
      <Filter>04.목과 테스트 취약성</Filter>
    </ClInclude>
    <ClInclude Include="04_목과_테스트_취약성\EmailGateway.h">
      <Filter>04.목과 테스트 취약성</Filter>
    </ClInclude>
    <ClInclude Include="06_단위_테스트_스타일\AuditManager.h">
      <Filter>06.단위 테스트 스타일</Filter>
    </ClInclude>
    <ClInclude Include="06_단위_테스트_스타일\IFileSystem.h">
      <Filter>06.단위 테스트 스타일</Filter>
    </ClInclude>
    <ClInclude Include="06_단위_테스트_스타일\FileSystem.h">
      <Filter>06.단위 테스트 스타일</Filter>
    </ClInclude>
    <ClInclude Include="06_단위_테스트_스타일\AuditManager2.h">
      <Filter>06.단위 테스트 스타일</Filter>
    </ClInclude>
    <ClInclude Include="06_단위_테스트_스타일\Persister.h">
      <Filter>06.단위 테스트 스타일</Filter>
    </ClInclude>
    <ClInclude Include="06_단위_테스트_스타일\FileStruct.h">
      <Filter>06.단위 테스트 스타일</Filter>
    </ClInclude>
    <ClInclude Include="06_단위_테스트_스타일\ApplicationService.h">
      <Filter>06.단위 테스트 스타일</Filter>
    </ClInclude>
    <ClInclude Include="07_단위_테스트_리팩토링\UserController.h">
      <Filter>07.단위 테스트 리팩토링</Filter>
    </ClInclude>
    <ClInclude Include="07_단위_테스트_리팩토링\User.h">
      <Filter>07.단위 테스트 리팩토링</Filter>
    </ClInclude>
    <ClInclude Include="07_단위_테스트_리팩토링\Component.h">
      <Filter>07.단위 테스트 리팩토링</Filter>
    </ClInclude>
    <ClInclude Include="07_단위_테스트_리팩토링\Company.h">
      <Filter>07.단위 테스트 리팩토링</Filter>
    </ClInclude>
  </ItemGroup>
  <ItemGroup>
    <ClCompile Include="pch.cpp">
      <Filter>main</Filter>
    </ClCompile>
    <ClCompile Include="main.cpp">
      <Filter>main</Filter>
    </ClCompile>
    <ClCompile Include="02_단위_테스트란\Customer.cpp">
      <Filter>02.단위 테스트란</Filter>
    </ClCompile>
    <ClCompile Include="02_단위_테스트란\Store.cpp">
      <Filter>02.단위 테스트란</Filter>
    </ClCompile>
    <ClCompile Include="04_목과_테스트_취약성\Database.cpp">
      <Filter>04.목과 테스트 취약성</Filter>
    </ClCompile>
    <ClCompile Include="04_목과_테스트_취약성\EmailGateway.cpp">
      <Filter>04.목과 테스트 취약성</Filter>
    </ClCompile>
    <ClCompile Include="06_단위_테스트_스타일\AuditManager.cpp">
      <Filter>06.단위 테스트 스타일</Filter>
    </ClCompile>
    <ClCompile Include="06_단위_테스트_스타일\IFileSystem.cpp">
      <Filter>06.단위 테스트 스타일</Filter>
    </ClCompile>
    <ClCompile Include="06_단위_테스트_스타일\FileSystem.cpp">
      <Filter>06.단위 테스트 스타일</Filter>
    </ClCompile>
    <ClCompile Include="06_단위_테스트_스타일\AuditManager2.cpp">
      <Filter>06.단위 테스트 스타일</Filter>
    </ClCompile>
    <ClCompile Include="06_단위_테스트_스타일\Persister.cpp">
      <Filter>06.단위 테스트 스타일</Filter>
    </ClCompile>
    <ClCompile Include="06_단위_테스트_스타일\ApplicationService.cpp">
      <Filter>06.단위 테스트 스타일</Filter>
    </ClCompile>
    <ClCompile Include="07_단위_테스트_리팩토링\UserController.cpp">
      <Filter>07.단위 테스트 리팩토링</Filter>
    </ClCompile>
    <ClCompile Include="07_단위_테스트_리팩토링\User.cpp">
      <Filter>07.단위 테스트 리팩토링</Filter>
    </ClCompile>
    <ClCompile Include="07_단위_테스트_리팩토링\Company.cpp">
      <Filter>07.단위 테스트 리팩토링</Filter>
    </ClCompile>
  </ItemGroup>
</Project>